
Microsoft Visual Studio Solution File, Format Version 12.00
# Visual Studio 15
VisualStudioVersion = 15.0.28307.106
MinimumVisualStudioVersion = 10.0.40219.1
Project("{8BC9CEB8-8B4A-11D0-8D11-00A0C91BC942}") = "CircularLinkedList", "CircularLinkedList\CircularLinkedList.vcxproj", "{D2C01E87-2BAE-495C-B139-6D145BFD4886}"
EndProject
Global
	GlobalSection(SolutionConfigurationPlatforms) = preSolution
		Debug|x64 = Debug|x64
		Debug|x86 = Debug|x86
		Release|x64 = Release|x64
		Release|x86 = Release|x86
	EndGlobalSection
	GlobalSection(ProjectConfigurationPlatforms) = postSolution
		{D2C01E87-2BAE-495C-B139-6D145BFD4886}.Debug|x64.ActiveCfg = Debug|x64
		{D2C01E87-2BAE-495C-B139-6D145BFD4886}.Debug|x64.Build.0 = Debug|x64
		{D2C01E87-2BAE-495C-B139-6D145BFD4886}.Debug|x86.ActiveCfg = Debug|Win32
		{D2C01E87-2BAE-495C-B139-6D145BFD4886}.Debug|x86.Build.0 = Debug|Win32
		{D2C01E87-2BAE-495C-B139-6D145BFD4886}.Release|x64.ActiveCfg = Release|x64
		{D2C01E87-2BAE-495C-B139-6D145BFD4886}.Release|x64.Build.0 = Release|x64
		{D2C01E87-2BAE-495C-B139-6D145BFD4886}.Release|x86.ActiveCfg = Release|Win32
		{D2C01E87-2BAE-495C-B139-6D145BFD4886}.Release|x86.Build.0 = Release|Win32
	EndGlobalSection
	GlobalSection(SolutionProperties) = preSolution
		HideSolutionNode = FALSE
	EndGlobalSection
	GlobalSection(ExtensibilityGlobals) = postSolution
		SolutionGuid = {9DBA9D30-BBCD-4F86-87F9-F4A610CF3765}
	EndGlobalSection
EndGlobal
